
Microsoft Visual Studio Solution File, Format Version 12.00
# Visual Studio Version 17
VisualStudioVersion = 17.9.34701.34
MinimumVisualStudioVersion = 10.0.40219.1
Project("{8BC9CEB8-8B4A-11D0-8D11-00A0C91BC942}") = "sort大数据", "sort大数据\sort大数据.vcxproj", "{3E43EC93-AF1F-485E-865A-D5DA2791A754}"
EndProject
Global
	GlobalSection(SolutionConfigurationPlatforms) = preSolution
		Debug|x64 = Debug|x64
		Debug|x86 = Debug|x86
		Release|x64 = Release|x64
		Release|x86 = Release|x86
	EndGlobalSection
	GlobalSection(ProjectConfigurationPlatforms) = postSolution
		{3E43EC93-AF1F-485E-865A-D5DA2791A754}.Debug|x64.ActiveCfg = Debug|x64
		{3E43EC93-AF1F-485E-865A-D5DA2791A754}.Debug|x64.Build.0 = Debug|x64
		{3E43EC93-AF1F-485E-865A-D5DA2791A754}.Debug|x86.ActiveCfg = Debug|Win32
		{3E43EC93-AF1F-485E-865A-D5DA2791A754}.Debug|x86.Build.0 = Debug|Win32
		{3E43EC93-AF1F-485E-865A-D5DA2791A754}.Release|x64.ActiveCfg = Release|x64
		{3E43EC93-AF1F-485E-865A-D5DA2791A754}.Release|x64.Build.0 = Release|x64
		{3E43EC93-AF1F-485E-865A-D5DA2791A754}.Release|x86.ActiveCfg = Release|Win32
		{3E43EC93-AF1F-485E-865A-D5DA2791A754}.Release|x86.Build.0 = Release|Win32
	EndGlobalSection
	GlobalSection(SolutionProperties) = preSolution
		HideSolutionNode = FALSE
	EndGlobalSection
	GlobalSection(ExtensibilityGlobals) = postSolution
		SolutionGuid = {B2B87716-D146-4A80-9F6A-84C62E6067A4}
	EndGlobalSection
EndGlobal
